# This file is automatically @generated by Cargo.
# It is not intended for manual editing.
version = 4

[[package]]
name = "audio"
version = "0.1.0"

[[package]]
name = "term"
version = "0.1.0"

[[package]]
name = "twitch-auth"
version = "0.1.0"
dependencies = [
 "twitch-core",
]

[[package]]
name = "twitch-channels"
version = "0.1.0"
dependencies = [
 "twitch-core",
]

[[package]]
name = "twitch-chat"
version = "0.1.0"
dependencies = [
 "twitch-core",
]

[[package]]
name = "twitch-core"
version = "0.1.0"

[[package]]
name = "twitch-playlist"
version = "0.1.0"
dependencies = [
 "twitch-core",
]

[[package]]
name = "twitch-tui"
version = "0.1.0"
dependencies = [
 "audio",
 "term",
 "twitch-auth",
 "twitch-channels",
 "twitch-chat",
 "twitch-core",
 "twitch-playlist",
 "video",
]

[[package]]
name = "video"
version = "0.1.0"
dependencies = [
 "audio",
]
